
Microsoft Visual Studio Solution File, Format Version 12.00
# Visual Studio 14
VisualStudioVersion = 14.0.23107.0
MinimumVisualStudioVersion = 10.0.40219.1
Project("{8BC9CEB8-8B4A-11D0-8D11-00A0C91BC942}") = "Math", "Math\Math.vcxproj", "{D282E6BB-331B-4A77-9088-34CF8BD0B785}"
	ProjectSection(ProjectDependencies) = postProject
		{DAEEAD3E-AB10-4753-9D54-448DB155BA6E} = {DAEEAD3E-AB10-4753-9D54-448DB155BA6E}
	EndProjectSection
EndProject
Project("{8BC9CEB8-8B4A-11D0-8D11-00A0C91BC942}") = "Model", "Model\Model.vcxproj", "{03A17A90-2DBA-4587-A039-1B37A0AFB1F1}"
	ProjectSection(ProjectDependencies) = postProject
		{DAEEAD3E-AB10-4753-9D54-448DB155BA6E} = {DAEEAD3E-AB10-4753-9D54-448DB155BA6E}
		{D282E6BB-331B-4A77-9088-34CF8BD0B785} = {D282E6BB-331B-4A77-9088-34CF8BD0B785}
	EndProjectSection
EndProject
Project("{8BC9CEB8-8B4A-11D0-8D11-00A0C91BC942}") = "Test", "Test\Test.vcxproj", "{BDBB41C3-5DDF-49F1-9A00-3F75F2AD1312}"
	ProjectSection(ProjectDependencies) = postProject
		{E5C0383C-D620-4E50-B61B-DA5BB00B37E2} = {E5C0383C-D620-4E50-B61B-DA5BB00B37E2}
		{DAEEAD3E-AB10-4753-9D54-448DB155BA6E} = {DAEEAD3E-AB10-4753-9D54-448DB155BA6E}
		{45C22683-7837-4C72-8212-47CE55A2F4AD} = {45C22683-7837-4C72-8212-47CE55A2F4AD}
		{03A17A90-2DBA-4587-A039-1B37A0AFB1F1} = {03A17A90-2DBA-4587-A039-1B37A0AFB1F1}
		{D282E6BB-331B-4A77-9088-34CF8BD0B785} = {D282E6BB-331B-4A77-9088-34CF8BD0B785}
	EndProjectSection
EndProject
Project("{8BC9CEB8-8B4A-11D0-8D11-00A0C91BC942}") = "utils", "utils\utils.vcxproj", "{DAEEAD3E-AB10-4753-9D54-448DB155BA6E}"
EndProject
Project("{8BC9CEB8-8B4A-11D0-8D11-00A0C91BC942}") = "Dynamics", "Dynamics\Dynamics.vcxproj", "{47043C7F-CBA7-43E7-880C-BA951F83B645}"
	ProjectSection(ProjectDependencies) = postProject
		{DAEEAD3E-AB10-4753-9D54-448DB155BA6E} = {DAEEAD3E-AB10-4753-9D54-448DB155BA6E}
		{03A17A90-2DBA-4587-A039-1B37A0AFB1F1} = {03A17A90-2DBA-4587-A039-1B37A0AFB1F1}
		{D282E6BB-331B-4A77-9088-34CF8BD0B785} = {D282E6BB-331B-4A77-9088-34CF8BD0B785}
	EndProjectSection
EndProject
Project("{8BC9CEB8-8B4A-11D0-8D11-00A0C91BC942}") = "Renderer", "Renderer\Renderer.vcxproj", "{E5C0383C-D620-4E50-B61B-DA5BB00B37E2}"
	ProjectSection(ProjectDependencies) = postProject
		{DAEEAD3E-AB10-4753-9D54-448DB155BA6E} = {DAEEAD3E-AB10-4753-9D54-448DB155BA6E}
		{47043C7F-CBA7-43E7-880C-BA951F83B645} = {47043C7F-CBA7-43E7-880C-BA951F83B645}
		{03A17A90-2DBA-4587-A039-1B37A0AFB1F1} = {03A17A90-2DBA-4587-A039-1B37A0AFB1F1}
		{D282E6BB-331B-4A77-9088-34CF8BD0B785} = {D282E6BB-331B-4A77-9088-34CF8BD0B785}
	EndProjectSection
EndProject
Project("{8BC9CEB8-8B4A-11D0-8D11-00A0C91BC942}") = "TrajectoryOptimization", "TrajectoryOptimization\TrajectoryOptimization.vcxproj", "{45C22683-7837-4C72-8212-47CE55A2F4AD}"
	ProjectSection(ProjectDependencies) = postProject
		{E5C0383C-D620-4E50-B61B-DA5BB00B37E2} = {E5C0383C-D620-4E50-B61B-DA5BB00B37E2}
		{DAEEAD3E-AB10-4753-9D54-448DB155BA6E} = {DAEEAD3E-AB10-4753-9D54-448DB155BA6E}
		{47043C7F-CBA7-43E7-880C-BA951F83B645} = {47043C7F-CBA7-43E7-880C-BA951F83B645}
		{03A17A90-2DBA-4587-A039-1B37A0AFB1F1} = {03A17A90-2DBA-4587-A039-1B37A0AFB1F1}
		{D282E6BB-331B-4A77-9088-34CF8BD0B785} = {D282E6BB-331B-4A77-9088-34CF8BD0B785}
	EndProjectSection
EndProject
Project("{8BC9CEB8-8B4A-11D0-8D11-00A0C91BC942}") = "Reflexxes", "Reflexxes\Reflexxes.vcxproj", "{6082484D-044E-48EF-8746-F5E66D998B04}"
EndProject
Global
	GlobalSection(SolutionConfigurationPlatforms) = preSolution
		Debug|x64 = Debug|x64
		Debug|x86 = Debug|x86
		Release|x64 = Release|x64
		Release|x86 = Release|x86
	EndGlobalSection
	GlobalSection(ProjectConfigurationPlatforms) = postSolution
		{D282E6BB-331B-4A77-9088-34CF8BD0B785}.Debug|x64.ActiveCfg = Debug|x64
		{D282E6BB-331B-4A77-9088-34CF8BD0B785}.Debug|x64.Build.0 = Debug|x64
		{D282E6BB-331B-4A77-9088-34CF8BD0B785}.Debug|x86.ActiveCfg = Debug|Win32
		{D282E6BB-331B-4A77-9088-34CF8BD0B785}.Debug|x86.Build.0 = Debug|Win32
		{D282E6BB-331B-4A77-9088-34CF8BD0B785}.Release|x64.ActiveCfg = Release|x64
		{D282E6BB-331B-4A77-9088-34CF8BD0B785}.Release|x64.Build.0 = Release|x64
		{D282E6BB-331B-4A77-9088-34CF8BD0B785}.Release|x86.ActiveCfg = Release|Win32
		{D282E6BB-331B-4A77-9088-34CF8BD0B785}.Release|x86.Build.0 = Release|Win32
		{03A17A90-2DBA-4587-A039-1B37A0AFB1F1}.Debug|x64.ActiveCfg = Debug|x64
		{03A17A90-2DBA-4587-A039-1B37A0AFB1F1}.Debug|x64.Build.0 = Debug|x64
		{03A17A90-2DBA-4587-A039-1B37A0AFB1F1}.Debug|x86.ActiveCfg = Debug|Win32
		{03A17A90-2DBA-4587-A039-1B37A0AFB1F1}.Debug|x86.Build.0 = Debug|Win32
		{03A17A90-2DBA-4587-A039-1B37A0AFB1F1}.Release|x64.ActiveCfg = Release|x64
		{03A17A90-2DBA-4587-A039-1B37A0AFB1F1}.Release|x64.Build.0 = Release|x64
		{03A17A90-2DBA-4587-A039-1B37A0AFB1F1}.Release|x86.ActiveCfg = Release|Win32
		{03A17A90-2DBA-4587-A039-1B37A0AFB1F1}.Release|x86.Build.0 = Release|Win32
		{BDBB41C3-5DDF-49F1-9A00-3F75F2AD1312}.Debug|x64.ActiveCfg = Debug|x64
		{BDBB41C3-5DDF-49F1-9A00-3F75F2AD1312}.Debug|x64.Build.0 = Debug|x64
		{BDBB41C3-5DDF-49F1-9A00-3F75F2AD1312}.Debug|x86.ActiveCfg = Debug|Win32
		{BDBB41C3-5DDF-49F1-9A00-3F75F2AD1312}.Debug|x86.Build.0 = Debug|Win32
		{BDBB41C3-5DDF-49F1-9A00-3F75F2AD1312}.Release|x64.ActiveCfg = Release|x64
		{BDBB41C3-5DDF-49F1-9A00-3F75F2AD1312}.Release|x64.Build.0 = Release|x64
		{BDBB41C3-5DDF-49F1-9A00-3F75F2AD1312}.Release|x86.ActiveCfg = Release|Win32
		{BDBB41C3-5DDF-49F1-9A00-3F75F2AD1312}.Release|x86.Build.0 = Release|Win32
		{DAEEAD3E-AB10-4753-9D54-448DB155BA6E}.Debug|x64.ActiveCfg = Debug|x64
		{DAEEAD3E-AB10-4753-9D54-448DB155BA6E}.Debug|x64.Build.0 = Debug|x64
		{DAEEAD3E-AB10-4753-9D54-448DB155BA6E}.Debug|x86.ActiveCfg = Debug|Win32
		{DAEEAD3E-AB10-4753-9D54-448DB155BA6E}.Debug|x86.Build.0 = Debug|Win32
		{DAEEAD3E-AB10-4753-9D54-448DB155BA6E}.Release|x64.ActiveCfg = Release|x64
		{DAEEAD3E-AB10-4753-9D54-448DB155BA6E}.Release|x64.Build.0 = Release|x64
		{DAEEAD3E-AB10-4753-9D54-448DB155BA6E}.Release|x86.ActiveCfg = Release|Win32
		{DAEEAD3E-AB10-4753-9D54-448DB155BA6E}.Release|x86.Build.0 = Release|Win32
		{47043C7F-CBA7-43E7-880C-BA951F83B645}.Debug|x64.ActiveCfg = Debug|x64
		{47043C7F-CBA7-43E7-880C-BA951F83B645}.Debug|x64.Build.0 = Debug|x64
		{47043C7F-CBA7-43E7-880C-BA951F83B645}.Debug|x86.ActiveCfg = Debug|Win32
		{47043C7F-CBA7-43E7-880C-BA951F83B645}.Debug|x86.Build.0 = Debug|Win32
		{47043C7F-CBA7-43E7-880C-BA951F83B645}.Release|x64.ActiveCfg = Release|x64
		{47043C7F-CBA7-43E7-880C-BA951F83B645}.Release|x64.Build.0 = Release|x64
		{47043C7F-CBA7-43E7-880C-BA951F83B645}.Release|x86.ActiveCfg = Release|Win32
		{47043C7F-CBA7-43E7-880C-BA951F83B645}.Release|x86.Build.0 = Release|Win32
		{E5C0383C-D620-4E50-B61B-DA5BB00B37E2}.Debug|x64.ActiveCfg = Debug|x64
		{E5C0383C-D620-4E50-B61B-DA5BB00B37E2}.Debug|x64.Build.0 = Debug|x64
		{E5C0383C-D620-4E50-B61B-DA5BB00B37E2}.Debug|x86.ActiveCfg = Debug|Win32
		{E5C0383C-D620-4E50-B61B-DA5BB00B37E2}.Debug|x86.Build.0 = Debug|Win32
		{E5C0383C-D620-4E50-B61B-DA5BB00B37E2}.Release|x64.ActiveCfg = Release|x64
		{E5C0383C-D620-4E50-B61B-DA5BB00B37E2}.Release|x64.Build.0 = Release|x64
		{E5C0383C-D620-4E50-B61B-DA5BB00B37E2}.Release|x86.ActiveCfg = Release|Win32
		{E5C0383C-D620-4E50-B61B-DA5BB00B37E2}.Release|x86.Build.0 = Release|Win32
		{45C22683-7837-4C72-8212-47CE55A2F4AD}.Debug|x64.ActiveCfg = Debug|x64
		{45C22683-7837-4C72-8212-47CE55A2F4AD}.Debug|x64.Build.0 = Debug|x64
		{45C22683-7837-4C72-8212-47CE55A2F4AD}.Debug|x86.ActiveCfg = Debug|Win32
		{45C22683-7837-4C72-8212-47CE55A2F4AD}.Debug|x86.Build.0 = Debug|Win32
		{45C22683-7837-4C72-8212-47CE55A2F4AD}.Release|x64.ActiveCfg = Release|x64
		{45C22683-7837-4C72-8212-47CE55A2F4AD}.Release|x64.Build.0 = Release|x64
		{45C22683-7837-4C72-8212-47CE55A2F4AD}.Release|x86.ActiveCfg = Release|Win32
		{45C22683-7837-4C72-8212-47CE55A2F4AD}.Release|x86.Build.0 = Release|Win32
		{6082484D-044E-48EF-8746-F5E66D998B04}.Debug|x64.ActiveCfg = Debug|x64
		{6082484D-044E-48EF-8746-F5E66D998B04}.Debug|x64.Build.0 = Debug|x64
		{6082484D-044E-48EF-8746-F5E66D998B04}.Debug|x86.ActiveCfg = Debug|Win32
		{6082484D-044E-48EF-8746-F5E66D998B04}.Debug|x86.Build.0 = Debug|Win32
		{6082484D-044E-48EF-8746-F5E66D998B04}.Release|x64.ActiveCfg = Release|x64
		{6082484D-044E-48EF-8746-F5E66D998B04}.Release|x64.Build.0 = Release|x64
		{6082484D-044E-48EF-8746-F5E66D998B04}.Release|x86.ActiveCfg = Release|Win32
		{6082484D-044E-48EF-8746-F5E66D998B04}.Release|x86.Build.0 = Release|Win32
	EndGlobalSection
	GlobalSection(SolutionProperties) = preSolution
		HideSolutionNode = FALSE
	EndGlobalSection
EndGlobal
